
Microsoft Visual Studio Solution File, Format Version 10.00
# Visual Studio 2008
Project("{FAE04EC0-301F-11D3-BF4B-00C04F79EFBC}") = "OMS.WebTier", "OMS.WebTier.csproj", "{9EE8B4B6-2930-4ED1-806F-9798D52BFAFE}"
EndProject
Project("{FAE04EC0-301F-11D3-BF4B-00C04F79EFBC}") = "OMS.CodeTier", "..\CodeLibrary\OMS.CodeTier.csproj", "{6DA89817-ADC9-4B55-8C12-AA78172FF0A2}"
EndProject
Global
	GlobalSection(SolutionConfigurationPlatforms) = preSolution
		Debug|Any CPU = Debug|Any CPU
		Release|Any CPU = Release|Any CPU
	EndGlobalSection
	GlobalSection(ProjectConfigurationPlatforms) = postSolution
		{9EE8B4B6-2930-4ED1-806F-9798D52BFAFE}.Debug|Any CPU.ActiveCfg = Debug|Any CPU
		{9EE8B4B6-2930-4ED1-806F-9798D52BFAFE}.Debug|Any CPU.Build.0 = Debug|Any CPU
		{9EE8B4B6-2930-4ED1-806F-9798D52BFAFE}.Release|Any CPU.ActiveCfg = Release|Any CPU
		{9EE8B4B6-2930-4ED1-806F-9798D52BFAFE}.Release|Any CPU.Build.0 = Release|Any CPU
		{6DA89817-ADC9-4B55-8C12-AA78172FF0A2}.Debug|Any CPU.ActiveCfg = Debug|Any CPU
		{6DA89817-ADC9-4B55-8C12-AA78172FF0A2}.Debug|Any CPU.Build.0 = Debug|Any CPU
		{6DA89817-ADC9-4B55-8C12-AA78172FF0A2}.Release|Any CPU.ActiveCfg = Release|Any CPU
		{6DA89817-ADC9-4B55-8C12-AA78172FF0A2}.Release|Any CPU.Build.0 = Release|Any CPU
	EndGlobalSection
	GlobalSection(SolutionProperties) = preSolution
		HideSolutionNode = FALSE
	EndGlobalSection
EndGlobal
